# THIS IS AN AUTOGENERATED FILE. DO NOT EDIT THIS FILE DIRECTLY.
# yarn lockfile v1


npm-auto-version@^1.0.0:
  version "1.0.0"
  resolved "https://registry.yarnpkg.com/npm-auto-version/-/npm-auto-version-1.0.0.tgz#6f6d6cf1bd8910be54ef50e738c09f812584de32"
  integrity sha1-b21s8b2JEL5U71DnOMCfgSWE3jI=
  dependencies:
    semver "^5.0.3"

semver@^5.0.3:
  version "5.7.1"
  resolved "https://registry.yarnpkg.com/semver/-/semver-5.7.1.tgz#a954f931aeba508d307bbf069eff0c01c96116f7"
  integrity sha512-sauaDf/PZdVgrLTNYHRtpXa1iRiKcaebiKQ1BJdpQlWH2lCvexQdX55snPFyK7QzpudqbCI0qXFfOasHdyNDGQ==
