# THIS IS AN AUTOGENERATED FILE. DO NOT EDIT THIS FILE DIRECTLY.
# yarn lockfile v1


grunt-bump@^0.8.0:
  version "0.8.0"
  resolved "https://registry.yarnpkg.com/grunt-bump/-/grunt-bump-0.8.0.tgz#d3ffe0cf3cf0b38e09607b78538f42a531eafe55"
  integrity sha1-0//gzzzws44JYHt4U49CpTHq/lU=
  dependencies:
    semver "^5.1.0"

semver@^5.1.0:
  version "5.7.1"
  resolved "https://registry.yarnpkg.com/semver/-/semver-5.7.1.tgz#a954f931aeba508d307bbf069eff0c01c96116f7"
  integrity sha512-sauaDf/PZdVgrLTNYHRtpXa1iRiKcaebiKQ1BJdpQlWH2lCvexQdX55snPFyK7QzpudqbCI0qXFfOasHdyNDGQ==
